
Microsoft Visual Studio Solution File, Format Version 12.00
# Visual Studio Version 17
VisualStudioVersion = 17.9.34723.18
MinimumVisualStudioVersion = 10.0.40219.1
Project("{FAE04EC0-301F-11D3-BF4B-00C04F79EFBC}") = "Ado_Task_2", "Ado_Task_2\Ado_Task_2.csproj", "{94FB033A-46CB-48E0-8254-0C9BFD333C2B}"
EndProject
Global
	GlobalSection(SolutionConfigurationPlatforms) = preSolution
		Debug|Any CPU = Debug|Any CPU
		Release|Any CPU = Release|Any CPU
	EndGlobalSection
	GlobalSection(ProjectConfigurationPlatforms) = postSolution
		{94FB033A-46CB-48E0-8254-0C9BFD333C2B}.Debug|Any CPU.ActiveCfg = Debug|Any CPU
		{94FB033A-46CB-48E0-8254-0C9BFD333C2B}.Debug|Any CPU.Build.0 = Debug|Any CPU
		{94FB033A-46CB-48E0-8254-0C9BFD333C2B}.Release|Any CPU.ActiveCfg = Release|Any CPU
		{94FB033A-46CB-48E0-8254-0C9BFD333C2B}.Release|Any CPU.Build.0 = Release|Any CPU
	EndGlobalSection
	GlobalSection(SolutionProperties) = preSolution
		HideSolutionNode = FALSE
	EndGlobalSection
	GlobalSection(ExtensibilityGlobals) = postSolution
		SolutionGuid = {3BF44795-152B-4C82-A660-502DDFE60DAA}
	EndGlobalSection
EndGlobal
